// !$*UTF8*$!
{
	archiveVersion = 1;
	classes = {
	};
	objectVersion = 50;
	objects = {

/* Begin PBXBuildFile section */
		3E21B1A12410B0C70028B348 /* Assets.xcassets in Resources */ = {isa = PBXBuildFile; fileRef = 3E21B19E2410B0C70028B348 /* Assets.xcassets */; };
		3E21B1A22410B0C70028B348 /* AppDelegate.swift in Sources */ = {isa = PBXBuildFile; fileRef = 3E21B19F2410B0C70028B348 /* AppDelegate.swift */; };
		3E21B1A32410B0C70028B348 /* SceneDelegate.swift in Sources */ = {isa = PBXBuildFile; fileRef = 3E21B1A02410B0C70028B348 /* SceneDelegate.swift */; };
		3E21B1A62410B17D0028B348 /* CoreDataStack.swift in Sources */ = {isa = PBXBuildFile; fileRef = 3E21B1A42410B17D0028B348 /* CoreDataStack.swift */; };
		3E21B1B02410B1CD0028B348 /* CustomerRating+Convenience.swift in Sources */ = {isa = PBXBuildFile; fileRef = 3E21B1AA2410B1CC0028B348 /* CustomerRating+Convenience.swift */; };
		3E21B1B12410B1CD0028B348 /* Customer+Convenience.swift in Sources */ = {isa = PBXBuildFile; fileRef = 3E21B1AB2410B1CD0028B348 /* Customer+Convenience.swift */; };
		3E21B1B22410B1CD0028B348 /* MenuPhoto+Convenience.swift in Sources */ = {isa = PBXBuildFile; fileRef = 3E21B1AC2410B1CD0028B348 /* MenuPhoto+Convenience.swift */; };
		3E21B1B32410B1CD0028B348 /* Truck+Convenience.swift in Sources */ = {isa = PBXBuildFile; fileRef = 3E21B1AD2410B1CD0028B348 /* Truck+Convenience.swift */; };
		3E21B1B42410B1CD0028B348 /* MenuItem+Convenience.swift in Sources */ = {isa = PBXBuildFile; fileRef = 3E21B1AE2410B1CD0028B348 /* MenuItem+Convenience.swift */; };
		3E21B1B52410B1CD0028B348 /* Vendor+Convenience.swift in Sources */ = {isa = PBXBuildFile; fileRef = 3E21B1AF2410B1CD0028B348 /* Vendor+Convenience.swift */; };
		3E21B1B92410B2260028B348 /* VendorController.swift in Sources */ = {isa = PBXBuildFile; fileRef = 3E21B1B62410B2250028B348 /* VendorController.swift */; };
		3E21B1BA2410B2260028B348 /* TruckController.swift in Sources */ = {isa = PBXBuildFile; fileRef = 3E21B1B72410B2250028B348 /* TruckController.swift */; };
		3E21B1BB2410B2260028B348 /* CustomerController.swift in Sources */ = {isa = PBXBuildFile; fileRef = 3E21B1B82410B2260028B348 /* CustomerController.swift */; };
		3E21B1C02410B2460028B348 /* CustomerRepresentation.swift in Sources */ = {isa = PBXBuildFile; fileRef = 3E21B1BC2410B2460028B348 /* CustomerRepresentation.swift */; };
		3E21B1C12410B2460028B348 /* TruckRepresentation.swift in Sources */ = {isa = PBXBuildFile; fileRef = 3E21B1BD2410B2460028B348 /* TruckRepresentation.swift */; };
		3E21B1C22410B2460028B348 /* VendorRepresentation.swift in Sources */ = {isa = PBXBuildFile; fileRef = 3E21B1BE2410B2460028B348 /* VendorRepresentation.swift */; };
		3E21B1C32410B2460028B348 /* CustomerRatingsRepresentation.swift in Sources */ = {isa = PBXBuildFile; fileRef = 3E21B1BF2410B2460028B348 /* CustomerRatingsRepresentation.swift */; };
		3E21B1C72410B2630028B348 /* AddTruckViewController.swift in Sources */ = {isa = PBXBuildFile; fileRef = 3E21B1C42410B2630028B348 /* AddTruckViewController.swift */; };
		3E21B1C82410B2630028B348 /* trucksTableViewController.swift in Sources */ = {isa = PBXBuildFile; fileRef = 3E21B1C52410B2630028B348 /* trucksTableViewController.swift */; };
		3E21B1C92410B2630028B348 /* LoginViewController.swift in Sources */ = {isa = PBXBuildFile; fileRef = 3E21B1C62410B2630028B348 /* LoginViewController.swift */; };
		3E43B28D240B11F90004A7BF /* LaunchScreen.storyboard in Resources */ = {isa = PBXBuildFile; fileRef = 3E43B28C240B11F90004A7BF /* LaunchScreen.storyboard */; };
		3EC638832410B63800F3FA5D /* FoodTruck TrackR.xcdatamodel in Sources */ = {isa = PBXBuildFile; fileRef = 3EC638822410B63800F3FA5D /* FoodTruck TrackR.xcdatamodel */; };
		3EC638862410BC0D00F3FA5D /* FoodTruckTableViewCell.swift in Sources */ = {isa = PBXBuildFile; fileRef = 3EC638852410BC0D00F3FA5D /* FoodTruckTableViewCell.swift */; };
		3EC638AA2410CAB600F3FA5D /* Default-568h@2x.png in Resources */ = {isa = PBXBuildFile; fileRef = 3EC638A92410CAB600F3FA5D /* Default-568h@2x.png */; };
		3ECD42AC24119AF900405417 /* LocationRepresentation.swift in Sources */ = {isa = PBXBuildFile; fileRef = 3ECD42AB24119AF900405417 /* LocationRepresentation.swift */; };
		3ECD42AE24119B4700405417 /* Location+Convenience.swift in Sources */ = {isa = PBXBuildFile; fileRef = 3ECD42AD24119B4700405417 /* Location+Convenience.swift */; };
		ABEA90B22408946000535B74 /* Main.storyboard in Resources */ = {isa = PBXBuildFile; fileRef = ABEA90B02408946000535B74 /* Main.storyboard */; };
		ABEA90E6240F5DFB00535B74 /* README.md in Resources */ = {isa = PBXBuildFile; fileRef = ABEA90E5240F5DFB00535B74 /* README.md */; };
/* End PBXBuildFile section */

/* Begin PBXFileReference section */
		3E21B19E2410B0C70028B348 /* Assets.xcassets */ = {isa = PBXFileReference; lastKnownFileType = folder.assetcatalog; name = Assets.xcassets; path = Resources/Assets.xcassets; sourceTree = SOURCE_ROOT; };
		3E21B19F2410B0C70028B348 /* AppDelegate.swift */ = {isa = PBXFileReference; fileEncoding = 4; lastKnownFileType = sourcecode.swift; name = AppDelegate.swift; path = Resources/AppDelegate.swift; sourceTree = SOURCE_ROOT; };
		3E21B1A02410B0C70028B348 /* SceneDelegate.swift */ = {isa = PBXFileReference; fileEncoding = 4; lastKnownFileType = sourcecode.swift; name = SceneDelegate.swift; path = Resources/SceneDelegate.swift; sourceTree = SOURCE_ROOT; };
		3E21B1A42410B17D0028B348 /* CoreDataStack.swift */ = {isa = PBXFileReference; fileEncoding = 4; lastKnownFileType = sourcecode.swift; name = CoreDataStack.swift; path = CoreData/CoreDataStack.swift; sourceTree = SOURCE_ROOT; };
		3E21B1AA2410B1CC0028B348 /* CustomerRating+Convenience.swift */ = {isa = PBXFileReference; fileEncoding = 4; lastKnownFileType = sourcecode.swift; name = "CustomerRating+Convenience.swift"; path = "Convenience Files/CustomerRating+Convenience.swift"; sourceTree = SOURCE_ROOT; };
		3E21B1AB2410B1CD0028B348 /* Customer+Convenience.swift */ = {isa = PBXFileReference; fileEncoding = 4; lastKnownFileType = sourcecode.swift; name = "Customer+Convenience.swift"; path = "Convenience Files/Customer+Convenience.swift"; sourceTree = SOURCE_ROOT; };
		3E21B1AC2410B1CD0028B348 /* MenuPhoto+Convenience.swift */ = {isa = PBXFileReference; fileEncoding = 4; lastKnownFileType = sourcecode.swift; name = "MenuPhoto+Convenience.swift"; path = "Convenience Files/MenuPhoto+Convenience.swift"; sourceTree = SOURCE_ROOT; };
		3E21B1AD2410B1CD0028B348 /* Truck+Convenience.swift */ = {isa = PBXFileReference; fileEncoding = 4; lastKnownFileType = sourcecode.swift; name = "Truck+Convenience.swift"; path = "Convenience Files/Truck+Convenience.swift"; sourceTree = SOURCE_ROOT; };
		3E21B1AE2410B1CD0028B348 /* MenuItem+Convenience.swift */ = {isa = PBXFileReference; fileEncoding = 4; lastKnownFileType = sourcecode.swift; name = "MenuItem+Convenience.swift"; path = "Convenience Files/MenuItem+Convenience.swift"; sourceTree = SOURCE_ROOT; };
		3E21B1AF2410B1CD0028B348 /* Vendor+Convenience.swift */ = {isa = PBXFileReference; fileEncoding = 4; lastKnownFileType = sourcecode.swift; name = "Vendor+Convenience.swift"; path = "Convenience Files/Vendor+Convenience.swift"; sourceTree = SOURCE_ROOT; };
		3E21B1B62410B2250028B348 /* VendorController.swift */ = {isa = PBXFileReference; fileEncoding = 4; lastKnownFileType = sourcecode.swift; name = VendorController.swift; path = "Model Controllers/VendorController.swift"; sourceTree = SOURCE_ROOT; };
		3E21B1B72410B2250028B348 /* TruckController.swift */ = {isa = PBXFileReference; fileEncoding = 4; lastKnownFileType = sourcecode.swift; name = TruckController.swift; path = "Model Controllers/TruckController.swift"; sourceTree = SOURCE_ROOT; };
		3E21B1B82410B2260028B348 /* CustomerController.swift */ = {isa = PBXFileReference; fileEncoding = 4; lastKnownFileType = sourcecode.swift; name = CustomerController.swift; path = "Model Controllers/CustomerController.swift"; sourceTree = SOURCE_ROOT; };
		3E21B1BC2410B2460028B348 /* CustomerRepresentation.swift */ = {isa = PBXFileReference; fileEncoding = 4; lastKnownFileType = sourcecode.swift; name = CustomerRepresentation.swift; path = "Model Controllers/Models/CustomerRepresentation.swift"; sourceTree = SOURCE_ROOT; };
		3E21B1BD2410B2460028B348 /* TruckRepresentation.swift */ = {isa = PBXFileReference; fileEncoding = 4; lastKnownFileType = sourcecode.swift; name = TruckRepresentation.swift; path = "Model Controllers/Models/TruckRepresentation.swift"; sourceTree = SOURCE_ROOT; };
		3E21B1BE2410B2460028B348 /* VendorRepresentation.swift */ = {isa = PBXFileReference; fileEncoding = 4; lastKnownFileType = sourcecode.swift; name = VendorRepresentation.swift; path = "Model Controllers/Models/VendorRepresentation.swift"; sourceTree = SOURCE_ROOT; };
		3E21B1BF2410B2460028B348 /* CustomerRatingsRepresentation.swift */ = {isa = PBXFileReference; fileEncoding = 4; lastKnownFileType = sourcecode.swift; name = CustomerRatingsRepresentation.swift; path = "Model Controllers/Models/CustomerRatingsRepresentation.swift"; sourceTree = SOURCE_ROOT; };
		3E21B1C42410B2630028B348 /* AddTruckViewController.swift */ = {isa = PBXFileReference; fileEncoding = 4; lastKnownFileType = sourcecode.swift; name = AddTruckViewController.swift; path = "View Controllers/AddTruckViewController.swift"; sourceTree = SOURCE_ROOT; };
		3E21B1C52410B2630028B348 /* trucksTableViewController.swift */ = {isa = PBXFileReference; fileEncoding = 4; lastKnownFileType = sourcecode.swift; name = trucksTableViewController.swift; path = "View Controllers/trucksTableViewController.swift"; sourceTree = SOURCE_ROOT; };
		3E21B1C62410B2630028B348 /* LoginViewController.swift */ = {isa = PBXFileReference; fileEncoding = 4; lastKnownFileType = sourcecode.swift; name = LoginViewController.swift; path = "View Controllers/LoginViewController.swift"; sourceTree = SOURCE_ROOT; };
		3E21B1CA2410B2B50028B348 /* Info.plist */ = {isa = PBXFileReference; lastKnownFileType = text.plist; path = Info.plist; sourceTree = SOURCE_ROOT; };
		3E43B28C240B11F90004A7BF /* LaunchScreen.storyboard */ = {isa = PBXFileReference; fileEncoding = 4; lastKnownFileType = file.storyboard; path = LaunchScreen.storyboard; sourceTree = "<group>"; };
		3EC638822410B63800F3FA5D /* FoodTruck TrackR.xcdatamodel */ = {isa = PBXFileReference; lastKnownFileType = wrapper.xcdatamodel; name = "FoodTruck TrackR.xcdatamodel"; path = "CoreData/FoodTruck TrackR.xcdatamodeld/FoodTruck TrackR.xcdatamodel"; sourceTree = SOURCE_ROOT; };
		3EC638852410BC0D00F3FA5D /* FoodTruckTableViewCell.swift */ = {isa = PBXFileReference; lastKnownFileType = sourcecode.swift; name = FoodTruckTableViewCell.swift; path = "View Controllers/FoodTruckTableViewCell.swift"; sourceTree = SOURCE_ROOT; };
		3EC638A92410CAB600F3FA5D /* Default-568h@2x.png */ = {isa = PBXFileReference; lastKnownFileType = image.png; path = "Default-568h@2x.png"; sourceTree = "<group>"; };
		3ECD42AB24119AF900405417 /* LocationRepresentation.swift */ = {isa = PBXFileReference; fileEncoding = 4; lastKnownFileType = sourcecode.swift; name = LocationRepresentation.swift; path = "Model Controllers/Models/LocationRepresentation.swift"; sourceTree = SOURCE_ROOT; };
		3ECD42AD24119B4700405417 /* Location+Convenience.swift */ = {isa = PBXFileReference; fileEncoding = 4; lastKnownFileType = sourcecode.swift; name = "Location+Convenience.swift"; path = "Model Controllers/Location+Convenience.swift"; sourceTree = SOURCE_ROOT; };
		ABEA90A72408946000535B74 /* FoodTruck TrackR.app */ = {isa = PBXFileReference; explicitFileType = wrapper.application; includeInIndex = 0; path = "FoodTruck TrackR.app"; sourceTree = BUILT_PRODUCTS_DIR; };
		ABEA90B12408946000535B74 /* Base */ = {isa = PBXFileReference; lastKnownFileType = file.storyboard; name = Base; path = Base.lproj/Main.storyboard; sourceTree = "<group>"; };
		ABEA90E5240F5DFB00535B74 /* README.md */ = {isa = PBXFileReference; fileEncoding = 4; lastKnownFileType = net.daringfireball.markdown; path = README.md; sourceTree = "<group>"; };
/* End PBXFileReference section */

/* Begin PBXFrameworksBuildPhase section */
		ABEA90A42408946000535B74 /* Frameworks */ = {
			isa = PBXFrameworksBuildPhase;
			buildActionMask = 2147483647;
			files = (
			);
			runOnlyForDeploymentPostprocessing = 0;
		};
/* End PBXFrameworksBuildPhase section */

/* Begin PBXGroup section */
		3E26A1D5240E26F600524321 /* Models */ = {
			isa = PBXGroup;
			children = (
				3E21B1BF2410B2460028B348 /* CustomerRatingsRepresentation.swift */,
				3E21B1BC2410B2460028B348 /* CustomerRepresentation.swift */,
				3E21B1BD2410B2460028B348 /* TruckRepresentation.swift */,
				3E21B1BE2410B2460028B348 /* VendorRepresentation.swift */,
			);
			path = Models;
			sourceTree = "<group>";
		};
		ABEA909E2408946000535B74 = {
			isa = PBXGroup;
			children = (
				ABEA90E5240F5DFB00535B74 /* README.md */,
				3EC638A92410CAB600F3FA5D /* Default-568h@2x.png */,
				ABEA90A92408946000535B74 /* FoodTruck TrackR */,
				ABEA90A82408946000535B74 /* Products */,
			);
			sourceTree = "<group>";
		};
		ABEA90A82408946000535B74 /* Products */ = {
			isa = PBXGroup;
			children = (
				ABEA90A72408946000535B74 /* FoodTruck TrackR.app */,
			);
			name = Products;
			sourceTree = "<group>";
		};
		ABEA90A92408946000535B74 /* FoodTruck TrackR */ = {
			isa = PBXGroup;
			children = (
				ABEA90C8240AD75B00535B74 /* Storyboards */,
				ABEA90C7240AD73800535B74 /* Resources */,
				ABEA90C6240AD72900535B74 /* CoreData */,
				ABEA90C5240AD71500535B74 /* Convenience Files */,
				ABEA90C4240AD70200535B74 /* View Cells */,
				ABEA90C2240AD6E000535B74 /* View Controllers */,
				3E21B1CA2410B2B50028B348 /* Info.plist */,
			);
			path = "FoodTruck TrackR";
			sourceTree = "<group>";
		};
		ABEA90C2240AD6E000535B74 /* View Controllers */ = {
			isa = PBXGroup;
			children = (
				3E21B1C42410B2630028B348 /* AddTruckViewController.swift */,
				3E21B1C62410B2630028B348 /* LoginViewController.swift */,
				3E21B1C52410B2630028B348 /* trucksTableViewController.swift */,
			);
			path = "View Controllers";
			sourceTree = "<group>";
		};
		ABEA90C3240AD6EA00535B74 /* Model Controllers */ = {
			isa = PBXGroup;
			children = (
				3E21B1B82410B2260028B348 /* CustomerController.swift */,
				3E21B1B72410B2250028B348 /* TruckController.swift */,
				3E21B1B62410B2250028B348 /* VendorController.swift */,
				3ECD42AB24119AF900405417 /* LocationRepresentation.swift */,
				3E26A1D5240E26F600524321 /* Models */,
			);
			path = "Model Controllers";
			sourceTree = "<group>";
		};
		ABEA90C4240AD70200535B74 /* View Cells */ = {
			isa = PBXGroup;
			children = (
				3EC638852410BC0D00F3FA5D /* FoodTruckTableViewCell.swift */,
				ABEA90C3240AD6EA00535B74 /* Model Controllers */,
			);
			path = "View Cells";
			sourceTree = "<group>";
		};
		ABEA90C5240AD71500535B74 /* Convenience Files */ = {
			isa = PBXGroup;
			children = (
				3E21B1AB2410B1CD0028B348 /* Customer+Convenience.swift */,
				3E21B1AE2410B1CD0028B348 /* MenuItem+Convenience.swift */,
				3E21B1AA2410B1CC0028B348 /* CustomerRating+Convenience.swift */,
				3E21B1AC2410B1CD0028B348 /* MenuPhoto+Convenience.swift */,
				3E21B1AD2410B1CD0028B348 /* Truck+Convenience.swift */,
				3ECD42AD24119B4700405417 /* Location+Convenience.swift */,
				3E21B1AF2410B1CD0028B348 /* Vendor+Convenience.swift */,
			);
			path = "Convenience Files";
			sourceTree = "<group>";
		};
		ABEA90C6240AD72900535B74 /* CoreData */ = {
			isa = PBXGroup;
			children = (
				3EC638822410B63800F3FA5D /* FoodTruck TrackR.xcdatamodel */,
				3E21B1A42410B17D0028B348 /* CoreDataStack.swift */,
			);
			path = CoreData;
			sourceTree = "<group>";
		};
		ABEA90C7240AD73800535B74 /* Resources */ = {
			isa = PBXGroup;
			children = (
				3E21B19F2410B0C70028B348 /* AppDelegate.swift */,
				3E21B19E2410B0C70028B348 /* Assets.xcassets */,
				3E21B1A02410B0C70028B348 /* SceneDelegate.swift */,
			);
			path = Resources;
			sourceTree = "<group>";
		};
		ABEA90C8240AD75B00535B74 /* Storyboards */ = {
			isa = PBXGroup;
			children = (
				ABEA90B02408946000535B74 /* Main.storyboard */,
				3E43B28C240B11F90004A7BF /* LaunchScreen.storyboard */,
			);
			path = Storyboards;
			sourceTree = "<group>";
		};
/* End PBXGroup section */

/* Begin PBXNativeTarget section */
		ABEA90A62408946000535B74 /* FoodTruck TrackR */ = {
			isa = PBXNativeTarget;
			buildConfigurationList = ABEA90BB2408946D00535B74 /* Build configuration list for PBXNativeTarget "FoodTruck TrackR" */;
			buildPhases = (
				ABEA90A32408946000535B74 /* Sources */,
				ABEA90A42408946000535B74 /* Frameworks */,
				ABEA90A52408946000535B74 /* Resources */,
			);
			buildRules = (
			);
			dependencies = (
			);
			name = "FoodTruck TrackR";
			productName = "FoodTruck TrackR";
			productReference = ABEA90A72408946000535B74 /* FoodTruck TrackR.app */;
			productType = "com.apple.product-type.application";
		};
/* End PBXNativeTarget section */

/* Begin PBXProject section */
		ABEA909F2408946000535B74 /* Project object */ = {
			isa = PBXProject;
			attributes = {
				LastSwiftUpdateCheck = 1130;
				LastUpgradeCheck = 1130;
				ORGANIZATIONNAME = "Crus Technologies";
				TargetAttributes = {
					ABEA90A62408946000535B74 = {
						CreatedOnToolsVersion = 11.3.1;
					};
				};
			};
			buildConfigurationList = ABEA90A22408946000535B74 /* Build configuration list for PBXProject "FoodTruck TrackR" */;
			compatibilityVersion = "Xcode 9.3";
			developmentRegion = en;
			hasScannedForEncodings = 0;
			knownRegions = (
				en,
				Base,
			);
			mainGroup = ABEA909E2408946000535B74;
			productRefGroup = ABEA90A82408946000535B74 /* Products */;
			projectDirPath = "";
			projectRoot = "";
			targets = (
				ABEA90A62408946000535B74 /* FoodTruck TrackR */,
			);
		};
/* End PBXProject section */

/* Begin PBXResourcesBuildPhase section */
		ABEA90A52408946000535B74 /* Resources */ = {
			isa = PBXResourcesBuildPhase;
			buildActionMask = 2147483647;
			files = (
				3E43B28D240B11F90004A7BF /* LaunchScreen.storyboard in Resources */,
				ABEA90E6240F5DFB00535B74 /* README.md in Resources */,
				ABEA90B22408946000535B74 /* Main.storyboard in Resources */,
				3EC638AA2410CAB600F3FA5D /* Default-568h@2x.png in Resources */,
				3E21B1A12410B0C70028B348 /* Assets.xcassets in Resources */,
			);
			runOnlyForDeploymentPostprocessing = 0;
		};
/* End PBXResourcesBuildPhase section */

/* Begin PBXSourcesBuildPhase section */
		ABEA90A32408946000535B74 /* Sources */ = {
			isa = PBXSourcesBuildPhase;
			buildActionMask = 2147483647;
			files = (
				3E21B1A62410B17D0028B348 /* CoreDataStack.swift in Sources */,
				3E21B1C72410B2630028B348 /* AddTruckViewController.swift in Sources */,
				3E21B1B42410B1CD0028B348 /* MenuItem+Convenience.swift in Sources */,
				3ECD42AC24119AF900405417 /* LocationRepresentation.swift in Sources */,
				3E21B1C02410B2460028B348 /* CustomerRepresentation.swift in Sources */,
				3E21B1B52410B1CD0028B348 /* Vendor+Convenience.swift in Sources */,
				3E21B1C22410B2460028B348 /* VendorRepresentation.swift in Sources */,
				3E21B1B12410B1CD0028B348 /* Customer+Convenience.swift in Sources */,
				3E21B1B92410B2260028B348 /* VendorController.swift in Sources */,
				3EC638832410B63800F3FA5D /* FoodTruck TrackR.xcdatamodel in Sources */,
				3E21B1B32410B1CD0028B348 /* Truck+Convenience.swift in Sources */,
				3E21B1C92410B2630028B348 /* LoginViewController.swift in Sources */,
				3E21B1C82410B2630028B348 /* trucksTableViewController.swift in Sources */,
				3E21B1C12410B2460028B348 /* TruckRepresentation.swift in Sources */,
				3E21B1B22410B1CD0028B348 /* MenuPhoto+Convenience.swift in Sources */,
				3E21B1B02410B1CD0028B348 /* CustomerRating+Convenience.swift in Sources */,
				3E21B1A22410B0C70028B348 /* AppDelegate.swift in Sources */,
				3EC638862410BC0D00F3FA5D /* FoodTruckTableViewCell.swift in Sources */,
				3E21B1BA2410B2260028B348 /* TruckController.swift in Sources */,
				3ECD42AE24119B4700405417 /* Location+Convenience.swift in Sources */,
				3E21B1A32410B0C70028B348 /* SceneDelegate.swift in Sources */,
				3E21B1BB2410B2260028B348 /* CustomerController.swift in Sources */,
				3E21B1C32410B2460028B348 /* CustomerRatingsRepresentation.swift in Sources */,
			);
			runOnlyForDeploymentPostprocessing = 0;
		};
/* End PBXSourcesBuildPhase section */

/* Begin PBXVariantGroup section */
		ABEA90B02408946000535B74 /* Main.storyboard */ = {
			isa = PBXVariantGroup;
			children = (
				ABEA90B12408946000535B74 /* Base */,
			);
			name = Main.storyboard;
			sourceTree = "<group>";
		};
/* End PBXVariantGroup section */

/* Begin XCBuildConfiguration section */
		ABEA90B92408946D00535B74 /* Debug */ = {
			isa = XCBuildConfiguration;
			buildSettings = {
				ALWAYS_SEARCH_USER_PATHS = NO;
				CLANG_ANALYZER_NONNULL = YES;
				CLANG_ANALYZER_NUMBER_OBJECT_CONVERSION = YES_AGGRESSIVE;
				CLANG_CXX_LANGUAGE_STANDARD = "gnu++14";
				CLANG_CXX_LIBRARY = "libc++";
				CLANG_ENABLE_MODULES = YES;
				CLANG_ENABLE_OBJC_ARC = YES;
				CLANG_ENABLE_OBJC_WEAK = YES;
				CLANG_WARN_BLOCK_CAPTURE_AUTORELEASING = YES;
				CLANG_WARN_BOOL_CONVERSION = YES;
				CLANG_WARN_COMMA = YES;
				CLANG_WARN_CONSTANT_CONVERSION = YES;
				CLANG_WARN_DEPRECATED_OBJC_IMPLEMENTATIONS = YES;
				CLANG_WARN_DIRECT_OBJC_ISA_USAGE = YES_ERROR;
				CLANG_WARN_DOCUMENTATION_COMMENTS = YES;
				CLANG_WARN_EMPTY_BODY = YES;
				CLANG_WARN_ENUM_CONVERSION = YES;
				CLANG_WARN_INFINITE_RECURSION = YES;
				CLANG_WARN_INT_CONVERSION = YES;
				CLANG_WARN_NON_LITERAL_NULL_CONVERSION = YES;
				CLANG_WARN_OBJC_IMPLICIT_RETAIN_SELF = YES;
				CLANG_WARN_OBJC_LITERAL_CONVERSION = YES;
				CLANG_WARN_OBJC_ROOT_CLASS = YES_ERROR;
				CLANG_WARN_RANGE_LOOP_ANALYSIS = YES;
				CLANG_WARN_STRICT_PROTOTYPES = YES;
				CLANG_WARN_SUSPICIOUS_MOVE = YES;
				CLANG_WARN_UNGUARDED_AVAILABILITY = YES_AGGRESSIVE;
				CLANG_WARN_UNREACHABLE_CODE = YES;
				CLANG_WARN__DUPLICATE_METHOD_MATCH = YES;
				COPY_PHASE_STRIP = NO;
				DEBUG_INFORMATION_FORMAT = dwarf;
				ENABLE_STRICT_OBJC_MSGSEND = YES;
				ENABLE_TESTABILITY = YES;
				GCC_C_LANGUAGE_STANDARD = gnu11;
				GCC_DYNAMIC_NO_PIC = NO;
				GCC_NO_COMMON_BLOCKS = YES;
				GCC_OPTIMIZATION_LEVEL = 0;
				GCC_PREPROCESSOR_DEFINITIONS = (
					"DEBUG=1",
					"$(inherited)",
				);
				GCC_WARN_64_TO_32_BIT_CONVERSION = YES;
				GCC_WARN_ABOUT_RETURN_TYPE = YES_ERROR;
				GCC_WARN_UNDECLARED_SELECTOR = YES;
				GCC_WARN_UNINITIALIZED_AUTOS = YES_AGGRESSIVE;
				GCC_WARN_UNUSED_FUNCTION = YES;
				GCC_WARN_UNUSED_VARIABLE = YES;
				IPHONEOS_DEPLOYMENT_TARGET = 13.2;
				MTL_ENABLE_DEBUG_INFO = INCLUDE_SOURCE;
				MTL_FAST_MATH = YES;
				ONLY_ACTIVE_ARCH = YES;
				SDKROOT = iphoneos;
				SWIFT_ACTIVE_COMPILATION_CONDITIONS = DEBUG;
				SWIFT_OPTIMIZATION_LEVEL = "-Onone";
			};
			name = Debug;
		};
		ABEA90BA2408946D00535B74 /* Release */ = {
			isa = XCBuildConfiguration;
			buildSettings = {
				ALWAYS_SEARCH_USER_PATHS = NO;
				CLANG_ANALYZER_NONNULL = YES;
				CLANG_ANALYZER_NUMBER_OBJECT_CONVERSION = YES_AGGRESSIVE;
				CLANG_CXX_LANGUAGE_STANDARD = "gnu++14";
				CLANG_CXX_LIBRARY = "libc++";
				CLANG_ENABLE_MODULES = YES;
				CLANG_ENABLE_OBJC_ARC = YES;
				CLANG_ENABLE_OBJC_WEAK = YES;
				CLANG_WARN_BLOCK_CAPTURE_AUTORELEASING = YES;
				CLANG_WARN_BOOL_CONVERSION = YES;
				CLANG_WARN_COMMA = YES;
				CLANG_WARN_CONSTANT_CONVERSION = YES;
				CLANG_WARN_DEPRECATED_OBJC_IMPLEMENTATIONS = YES;
				CLANG_WARN_DIRECT_OBJC_ISA_USAGE = YES_ERROR;
				CLANG_WARN_DOCUMENTATION_COMMENTS = YES;
				CLANG_WARN_EMPTY_BODY = YES;
				CLANG_WARN_ENUM_CONVERSION = YES;
				CLANG_WARN_INFINITE_RECURSION = YES;
				CLANG_WARN_INT_CONVERSION = YES;
				CLANG_WARN_NON_LITERAL_NULL_CONVERSION = YES;
				CLANG_WARN_OBJC_IMPLICIT_RETAIN_SELF = YES;
				CLANG_WARN_OBJC_LITERAL_CONVERSION = YES;
				CLANG_WARN_OBJC_ROOT_CLASS = YES_ERROR;
				CLANG_WARN_RANGE_LOOP_ANALYSIS = YES;
				CLANG_WARN_STRICT_PROTOTYPES = YES;
				CLANG_WARN_SUSPICIOUS_MOVE = YES;
				CLANG_WARN_UNGUARDED_AVAILABILITY = YES_AGGRESSIVE;
				CLANG_WARN_UNREACHABLE_CODE = YES;
				CLANG_WARN__DUPLICATE_METHOD_MATCH = YES;
				COPY_PHASE_STRIP = NO;
				DEBUG_INFORMATION_FORMAT = "dwarf-with-dsym";
				ENABLE_NS_ASSERTIONS = NO;
				ENABLE_STRICT_OBJC_MSGSEND = YES;
				GCC_C_LANGUAGE_STANDARD = gnu11;
				GCC_NO_COMMON_BLOCKS = YES;
				GCC_WARN_64_TO_32_BIT_CONVERSION = YES;
				GCC_WARN_ABOUT_RETURN_TYPE = YES_ERROR;
				GCC_WARN_UNDECLARED_SELECTOR = YES;
				GCC_WARN_UNINITIALIZED_AUTOS = YES_AGGRESSIVE;
				GCC_WARN_UNUSED_FUNCTION = YES;
				GCC_WARN_UNUSED_VARIABLE = YES;
				IPHONEOS_DEPLOYMENT_TARGET = 13.2;
				MTL_ENABLE_DEBUG_INFO = NO;
				MTL_FAST_MATH = YES;
				SDKROOT = iphoneos;
				SWIFT_COMPILATION_MODE = wholemodule;
				SWIFT_OPTIMIZATION_LEVEL = "-O";
				VALIDATE_PRODUCT = YES;
			};
			name = Release;
		};
		ABEA90BC2408946D00535B74 /* Debug */ = {
			isa = XCBuildConfiguration;
			buildSettings = {
				ASSETCATALOG_COMPILER_APPICON_NAME = AppIcon;
				CODE_SIGN_STYLE = Automatic;
				DEVELOPMENT_TEAM = 46XAGWCJPW;
				INFOPLIST_FILE = "$(SRCROOT)/Info.plist";
				LD_RUNPATH_SEARCH_PATHS = (
					"$(inherited)",
					"@executable_path/Frameworks",
				);
				PRODUCT_BUNDLE_IDENTIFIER = "com.pravinpatel.FoodTruck-TrackR";
				PRODUCT_NAME = "$(TARGET_NAME)";
				SWIFT_VERSION = 5.0;
				TARGETED_DEVICE_FAMILY = "1,2";
			};
			name = Debug;
		};
		ABEA90BD2408946D00535B74 /* Release */ = {
			isa = XCBuildConfiguration;
			buildSettings = {
				ASSETCATALOG_COMPILER_APPICON_NAME = AppIcon;
				CODE_SIGN_STYLE = Automatic;
				DEVELOPMENT_TEAM = 46XAGWCJPW;
				INFOPLIST_FILE = "$(SRCROOT)/Info.plist";
				LD_RUNPATH_SEARCH_PATHS = (
					"$(inherited)",
					"@executable_path/Frameworks",
				);
				PRODUCT_BUNDLE_IDENTIFIER = "com.pravinpatel.FoodTruck-TrackR";
				PRODUCT_NAME = "$(TARGET_NAME)";
				SWIFT_VERSION = 5.0;
				TARGETED_DEVICE_FAMILY = "1,2";
			};
			name = Release;
		};
/* End XCBuildConfiguration section */

/* Begin XCConfigurationList section */
		ABEA90A22408946000535B74 /* Build configuration list for PBXProject "FoodTruck TrackR" */ = {
			isa = XCConfigurationList;
			buildConfigurations = (
				ABEA90B92408946D00535B74 /* Debug */,
				ABEA90BA2408946D00535B74 /* Release */,
			);
			defaultConfigurationIsVisible = 0;
			defaultConfigurationName = Release;
		};
		ABEA90BB2408946D00535B74 /* Build configuration list for PBXNativeTarget "FoodTruck TrackR" */ = {
			isa = XCConfigurationList;
			buildConfigurations = (
				ABEA90BC2408946D00535B74 /* Debug */,
				ABEA90BD2408946D00535B74 /* Release */,
			);
			defaultConfigurationIsVisible = 0;
			defaultConfigurationName = Release;
		};
/* End XCConfigurationList section */
	};
	rootObject = ABEA909F2408946000535B74 /* Project object */;
}
