// !$*UTF8*$!
{
	archiveVersion = 1;
	classes = {
	};
	objectVersion = 50;
	objects = {

/* Begin PBXBuildFile section */
		3E0BE11B2408B6E200D4B3CC /* signupViewController.swift in Sources */ = {isa = PBXBuildFile; fileRef = 3E0BE11A2408B6E200D4B3CC /* signupViewController.swift */; };
		ABEA90AB2408946000535B74 /* AppDelegate.swift in Sources */ = {isa = PBXBuildFile; fileRef = ABEA90AA2408946000535B74 /* AppDelegate.swift */; };
		ABEA90AD2408946000535B74 /* SceneDelegate.swift in Sources */ = {isa = PBXBuildFile; fileRef = ABEA90AC2408946000535B74 /* SceneDelegate.swift */; };
		ABEA90AF2408946000535B74 /* LoginViewController.swift in Sources */ = {isa = PBXBuildFile; fileRef = ABEA90AE2408946000535B74 /* LoginViewController.swift */; };
		ABEA90B22408946000535B74 /* Main.storyboard in Resources */ = {isa = PBXBuildFile; fileRef = ABEA90B02408946000535B74 /* Main.storyboard */; };
		ABEA90B42408946D00535B74 /* Assets.xcassets in Resources */ = {isa = PBXBuildFile; fileRef = ABEA90B32408946D00535B74 /* Assets.xcassets */; };
		ABEA90B72408946D00535B74 /* LaunchScreen.storyboard in Resources */ = {isa = PBXBuildFile; fileRef = ABEA90B52408946D00535B74 /* LaunchScreen.storyboard */; };
		ABEA90BF2408A69500535B74 /* Customer+Convenience.swift in Sources */ = {isa = PBXBuildFile; fileRef = ABEA90BE2408A69500535B74 /* Customer+Convenience.swift */; };
/* End PBXBuildFile section */

/* Begin PBXFileReference section */
		3E0BE11A2408B6E200D4B3CC /* signupViewController.swift */ = {isa = PBXFileReference; fileEncoding = 4; lastKnownFileType = sourcecode.swift; path = signupViewController.swift; sourceTree = "<group>"; };
		ABEA90A72408946000535B74 /* FoodTruck TrackR.app */ = {isa = PBXFileReference; explicitFileType = wrapper.application; includeInIndex = 0; path = "FoodTruck TrackR.app"; sourceTree = BUILT_PRODUCTS_DIR; };
		ABEA90AA2408946000535B74 /* AppDelegate.swift */ = {isa = PBXFileReference; lastKnownFileType = sourcecode.swift; path = AppDelegate.swift; sourceTree = "<group>"; };
		ABEA90AC2408946000535B74 /* SceneDelegate.swift */ = {isa = PBXFileReference; lastKnownFileType = sourcecode.swift; path = SceneDelegate.swift; sourceTree = "<group>"; };
		ABEA90AE2408946000535B74 /* LoginViewController.swift */ = {isa = PBXFileReference; lastKnownFileType = sourcecode.swift; path = LoginViewController.swift; sourceTree = "<group>"; };
		ABEA90B12408946000535B74 /* Base */ = {isa = PBXFileReference; lastKnownFileType = file.storyboard; name = Base; path = Base.lproj/Main.storyboard; sourceTree = "<group>"; };
		ABEA90B32408946D00535B74 /* Assets.xcassets */ = {isa = PBXFileReference; lastKnownFileType = folder.assetcatalog; path = Assets.xcassets; sourceTree = "<group>"; };
		ABEA90B62408946D00535B74 /* Base */ = {isa = PBXFileReference; lastKnownFileType = file.storyboard; name = Base; path = Base.lproj/LaunchScreen.storyboard; sourceTree = "<group>"; };
		ABEA90B82408946D00535B74 /* Info.plist */ = {isa = PBXFileReference; lastKnownFileType = text.plist.xml; path = Info.plist; sourceTree = "<group>"; };
		ABEA90BE2408A69500535B74 /* Customer+Convenience.swift */ = {isa = PBXFileReference; lastKnownFileType = sourcecode.swift; path = "Customer+Convenience.swift"; sourceTree = "<group>"; };
/* End PBXFileReference section */

/* Begin PBXFrameworksBuildPhase section */
		ABEA90A42408946000535B74 /* Frameworks */ = {
			isa = PBXFrameworksBuildPhase;
			buildActionMask = 2147483647;
			files = (
			);
			runOnlyForDeploymentPostprocessing = 0;
		};
/* End PBXFrameworksBuildPhase section */

/* Begin PBXGroup section */
		ABEA909E2408946000535B74 = {
			isa = PBXGroup;
			children = (
				ABEA90A92408946000535B74 /* FoodTruck TrackR */,
				ABEA90A82408946000535B74 /* Products */,
			);
			sourceTree = "<group>";
		};
		ABEA90A82408946000535B74 /* Products */ = {
			isa = PBXGroup;
			children = (
				ABEA90A72408946000535B74 /* FoodTruck TrackR.app */,
			);
			name = Products;
			sourceTree = "<group>";
		};
		ABEA90A92408946000535B74 /* FoodTruck TrackR */ = {
			isa = PBXGroup;
			children = (
				ABEA90AA2408946000535B74 /* AppDelegate.swift */,
				ABEA90AC2408946000535B74 /* SceneDelegate.swift */,
				ABEA90AE2408946000535B74 /* LoginViewController.swift */,
				3E0BE11A2408B6E200D4B3CC /* signupViewController.swift */,
				ABEA90BE2408A69500535B74 /* Customer+Convenience.swift */,
				ABEA90B02408946000535B74 /* Main.storyboard */,
				ABEA90B32408946D00535B74 /* Assets.xcassets */,
				ABEA90B52408946D00535B74 /* LaunchScreen.storyboard */,
				ABEA90B82408946D00535B74 /* Info.plist */,
			);
			path = "FoodTruck TrackR";
			sourceTree = "<group>";
		};
/* End PBXGroup section */

/* Begin PBXNativeTarget section */
		ABEA90A62408946000535B74 /* FoodTruck TrackR */ = {
			isa = PBXNativeTarget;
			buildConfigurationList = ABEA90BB2408946D00535B74 /* Build configuration list for PBXNativeTarget "FoodTruck TrackR" */;
			buildPhases = (
				ABEA90A32408946000535B74 /* Sources */,
				ABEA90A42408946000535B74 /* Frameworks */,
				ABEA90A52408946000535B74 /* Resources */,
			);
			buildRules = (
			);
			dependencies = (
			);
			name = "FoodTruck TrackR";
			productName = "FoodTruck TrackR";
			productReference = ABEA90A72408946000535B74 /* FoodTruck TrackR.app */;
			productType = "com.apple.product-type.application";
		};
/* End PBXNativeTarget section */

/* Begin PBXProject section */
		ABEA909F2408946000535B74 /* Project object */ = {
			isa = PBXProject;
			attributes = {
				LastSwiftUpdateCheck = 1130;
				LastUpgradeCheck = 1130;
				ORGANIZATIONNAME = "Crus Technologies";
				TargetAttributes = {
					ABEA90A62408946000535B74 = {
						CreatedOnToolsVersion = 11.3.1;
					};
				};
			};
			buildConfigurationList = ABEA90A22408946000535B74 /* Build configuration list for PBXProject "FoodTruck TrackR" */;
			compatibilityVersion = "Xcode 9.3";
			developmentRegion = en;
			hasScannedForEncodings = 0;
			knownRegions = (
				en,
				Base,
			);
			mainGroup = ABEA909E2408946000535B74;
			productRefGroup = ABEA90A82408946000535B74 /* Products */;
			projectDirPath = "";
			projectRoot = "";
			targets = (
				ABEA90A62408946000535B74 /* FoodTruck TrackR */,
			);
		};
/* End PBXProject section */

/* Begin PBXResourcesBuildPhase section */
		ABEA90A52408946000535B74 /* Resources */ = {
			isa = PBXResourcesBuildPhase;
			buildActionMask = 2147483647;
			files = (
				ABEA90B72408946D00535B74 /* LaunchScreen.storyboard in Resources */,
				ABEA90B42408946D00535B74 /* Assets.xcassets in Resources */,
				ABEA90B22408946000535B74 /* Main.storyboard in Resources */,
			);
			runOnlyForDeploymentPostprocessing = 0;
		};
/* End PBXResourcesBuildPhase section */

/* Begin PBXSourcesBuildPhase section */
		ABEA90A32408946000535B74 /* Sources */ = {
			isa = PBXSourcesBuildPhase;
			buildActionMask = 2147483647;
			files = (
				ABEA90AF2408946000535B74 /* LoginViewController.swift in Sources */,
				ABEA90AB2408946000535B74 /* AppDelegate.swift in Sources */,
				3E0BE11B2408B6E200D4B3CC /* signupViewController.swift in Sources */,
				ABEA90AD2408946000535B74 /* SceneDelegate.swift in Sources */,
				ABEA90BF2408A69500535B74 /* Customer+Convenience.swift in Sources */,
			);
			runOnlyForDeploymentPostprocessing = 0;
		};
/* End PBXSourcesBuildPhase section */

/* Begin PBXVariantGroup section */
		ABEA90B02408946000535B74 /* Main.storyboard */ = {
			isa = PBXVariantGroup;
			children = (
				ABEA90B12408946000535B74 /* Base */,
			);
			name = Main.storyboard;
			sourceTree = "<group>";
		};
		ABEA90B52408946D00535B74 /* LaunchScreen.storyboard */ = {
			isa = PBXVariantGroup;
			children = (
				ABEA90B62408946D00535B74 /* Base */,
			);
			name = LaunchScreen.storyboard;
			sourceTree = "<group>";
		};
/* End PBXVariantGroup section */

/* Begin XCBuildConfiguration section */
		ABEA90B92408946D00535B74 /* Debug */ = {
			isa = XCBuildConfiguration;
			buildSettings = {
				ALWAYS_SEARCH_USER_PATHS = NO;
				CLANG_ANALYZER_NONNULL = YES;
				CLANG_ANALYZER_NUMBER_OBJECT_CONVERSION = YES_AGGRESSIVE;
				CLANG_CXX_LANGUAGE_STANDARD = "gnu++14";
				CLANG_CXX_LIBRARY = "libc++";
				CLANG_ENABLE_MODULES = YES;
				CLANG_ENABLE_OBJC_ARC = YES;
				CLANG_ENABLE_OBJC_WEAK = YES;
				CLANG_WARN_BLOCK_CAPTURE_AUTORELEASING = YES;
				CLANG_WARN_BOOL_CONVERSION = YES;
				CLANG_WARN_COMMA = YES;
				CLANG_WARN_CONSTANT_CONVERSION = YES;
				CLANG_WARN_DEPRECATED_OBJC_IMPLEMENTATIONS = YES;
				CLANG_WARN_DIRECT_OBJC_ISA_USAGE = YES_ERROR;
				CLANG_WARN_DOCUMENTATION_COMMENTS = YES;
				CLANG_WARN_EMPTY_BODY = YES;
				CLANG_WARN_ENUM_CONVERSION = YES;
				CLANG_WARN_INFINITE_RECURSION = YES;
				CLANG_WARN_INT_CONVERSION = YES;
				CLANG_WARN_NON_LITERAL_NULL_CONVERSION = YES;
				CLANG_WARN_OBJC_IMPLICIT_RETAIN_SELF = YES;
				CLANG_WARN_OBJC_LITERAL_CONVERSION = YES;
				CLANG_WARN_OBJC_ROOT_CLASS = YES_ERROR;
				CLANG_WARN_RANGE_LOOP_ANALYSIS = YES;
				CLANG_WARN_STRICT_PROTOTYPES = YES;
				CLANG_WARN_SUSPICIOUS_MOVE = YES;
				CLANG_WARN_UNGUARDED_AVAILABILITY = YES_AGGRESSIVE;
				CLANG_WARN_UNREACHABLE_CODE = YES;
				CLANG_WARN__DUPLICATE_METHOD_MATCH = YES;
				COPY_PHASE_STRIP = NO;
				DEBUG_INFORMATION_FORMAT = dwarf;
				ENABLE_STRICT_OBJC_MSGSEND = YES;
				ENABLE_TESTABILITY = YES;
				GCC_C_LANGUAGE_STANDARD = gnu11;
				GCC_DYNAMIC_NO_PIC = NO;
				GCC_NO_COMMON_BLOCKS = YES;
				GCC_OPTIMIZATION_LEVEL = 0;
				GCC_PREPROCESSOR_DEFINITIONS = (
					"DEBUG=1",
					"$(inherited)",
				);
				GCC_WARN_64_TO_32_BIT_CONVERSION = YES;
				GCC_WARN_ABOUT_RETURN_TYPE = YES_ERROR;
				GCC_WARN_UNDECLARED_SELECTOR = YES;
				GCC_WARN_UNINITIALIZED_AUTOS = YES_AGGRESSIVE;
				GCC_WARN_UNUSED_FUNCTION = YES;
				GCC_WARN_UNUSED_VARIABLE = YES;
				IPHONEOS_DEPLOYMENT_TARGET = 13.2;
				MTL_ENABLE_DEBUG_INFO = INCLUDE_SOURCE;
				MTL_FAST_MATH = YES;
				ONLY_ACTIVE_ARCH = YES;
				SDKROOT = iphoneos;
				SWIFT_ACTIVE_COMPILATION_CONDITIONS = DEBUG;
				SWIFT_OPTIMIZATION_LEVEL = "-Onone";
			};
			name = Debug;
		};
		ABEA90BA2408946D00535B74 /* Release */ = {
			isa = XCBuildConfiguration;
			buildSettings = {
				ALWAYS_SEARCH_USER_PATHS = NO;
				CLANG_ANALYZER_NONNULL = YES;
				CLANG_ANALYZER_NUMBER_OBJECT_CONVERSION = YES_AGGRESSIVE;
				CLANG_CXX_LANGUAGE_STANDARD = "gnu++14";
				CLANG_CXX_LIBRARY = "libc++";
				CLANG_ENABLE_MODULES = YES;
				CLANG_ENABLE_OBJC_ARC = YES;
				CLANG_ENABLE_OBJC_WEAK = YES;
				CLANG_WARN_BLOCK_CAPTURE_AUTORELEASING = YES;
				CLANG_WARN_BOOL_CONVERSION = YES;
				CLANG_WARN_COMMA = YES;
				CLANG_WARN_CONSTANT_CONVERSION = YES;
				CLANG_WARN_DEPRECATED_OBJC_IMPLEMENTATIONS = YES;
				CLANG_WARN_DIRECT_OBJC_ISA_USAGE = YES_ERROR;
				CLANG_WARN_DOCUMENTATION_COMMENTS = YES;
				CLANG_WARN_EMPTY_BODY = YES;
				CLANG_WARN_ENUM_CONVERSION = YES;
				CLANG_WARN_INFINITE_RECURSION = YES;
				CLANG_WARN_INT_CONVERSION = YES;
				CLANG_WARN_NON_LITERAL_NULL_CONVERSION = YES;
				CLANG_WARN_OBJC_IMPLICIT_RETAIN_SELF = YES;
				CLANG_WARN_OBJC_LITERAL_CONVERSION = YES;
				CLANG_WARN_OBJC_ROOT_CLASS = YES_ERROR;
				CLANG_WARN_RANGE_LOOP_ANALYSIS = YES;
				CLANG_WARN_STRICT_PROTOTYPES = YES;
				CLANG_WARN_SUSPICIOUS_MOVE = YES;
				CLANG_WARN_UNGUARDED_AVAILABILITY = YES_AGGRESSIVE;
				CLANG_WARN_UNREACHABLE_CODE = YES;
				CLANG_WARN__DUPLICATE_METHOD_MATCH = YES;
				COPY_PHASE_STRIP = NO;
				DEBUG_INFORMATION_FORMAT = "dwarf-with-dsym";
				ENABLE_NS_ASSERTIONS = NO;
				ENABLE_STRICT_OBJC_MSGSEND = YES;
				GCC_C_LANGUAGE_STANDARD = gnu11;
				GCC_NO_COMMON_BLOCKS = YES;
				GCC_WARN_64_TO_32_BIT_CONVERSION = YES;
				GCC_WARN_ABOUT_RETURN_TYPE = YES_ERROR;
				GCC_WARN_UNDECLARED_SELECTOR = YES;
				GCC_WARN_UNINITIALIZED_AUTOS = YES_AGGRESSIVE;
				GCC_WARN_UNUSED_FUNCTION = YES;
				GCC_WARN_UNUSED_VARIABLE = YES;
				IPHONEOS_DEPLOYMENT_TARGET = 13.2;
				MTL_ENABLE_DEBUG_INFO = NO;
				MTL_FAST_MATH = YES;
				SDKROOT = iphoneos;
				SWIFT_COMPILATION_MODE = wholemodule;
				SWIFT_OPTIMIZATION_LEVEL = "-O";
				VALIDATE_PRODUCT = YES;
			};
			name = Release;
		};
		ABEA90BC2408946D00535B74 /* Debug */ = {
			isa = XCBuildConfiguration;
			buildSettings = {
				ASSETCATALOG_COMPILER_APPICON_NAME = AppIcon;
				CODE_SIGN_STYLE = Automatic;
				DEVELOPMENT_TEAM = 46XAGWCJPW;
				INFOPLIST_FILE = "FoodTruck TrackR/Info.plist";
				LD_RUNPATH_SEARCH_PATHS = (
					"$(inherited)",
					"@executable_path/Frameworks",
				);
				PRODUCT_BUNDLE_IDENTIFIER = "com.pravinpatel.FoodTruck-TrackR";
				PRODUCT_NAME = "$(TARGET_NAME)";
				SWIFT_VERSION = 5.0;
				TARGETED_DEVICE_FAMILY = "1,2";
			};
			name = Debug;
		};
		ABEA90BD2408946D00535B74 /* Release */ = {
			isa = XCBuildConfiguration;
			buildSettings = {
				ASSETCATALOG_COMPILER_APPICON_NAME = AppIcon;
				CODE_SIGN_STYLE = Automatic;
				DEVELOPMENT_TEAM = 46XAGWCJPW;
				INFOPLIST_FILE = "FoodTruck TrackR/Info.plist";
				LD_RUNPATH_SEARCH_PATHS = (
					"$(inherited)",
					"@executable_path/Frameworks",
				);
				PRODUCT_BUNDLE_IDENTIFIER = "com.pravinpatel.FoodTruck-TrackR";
				PRODUCT_NAME = "$(TARGET_NAME)";
				SWIFT_VERSION = 5.0;
				TARGETED_DEVICE_FAMILY = "1,2";
			};
			name = Release;
		};
/* End XCBuildConfiguration section */

/* Begin XCConfigurationList section */
		ABEA90A22408946000535B74 /* Build configuration list for PBXProject "FoodTruck TrackR" */ = {
			isa = XCConfigurationList;
			buildConfigurations = (
				ABEA90B92408946D00535B74 /* Debug */,
				ABEA90BA2408946D00535B74 /* Release */,
			);
			defaultConfigurationIsVisible = 0;
			defaultConfigurationName = Release;
		};
		ABEA90BB2408946D00535B74 /* Build configuration list for PBXNativeTarget "FoodTruck TrackR" */ = {
			isa = XCConfigurationList;
			buildConfigurations = (
				ABEA90BC2408946D00535B74 /* Debug */,
				ABEA90BD2408946D00535B74 /* Release */,
			);
			defaultConfigurationIsVisible = 0;
			defaultConfigurationName = Release;
		};
/* End XCConfigurationList section */
	};
	rootObject = ABEA909F2408946000535B74 /* Project object */;
}
